
Microsoft Visual Studio Solution File, Format Version 12.00
# Visual Studio Version 17
VisualStudioVersion = 17.0.31903.59
MinimumVisualStudioVersion = 10.0.40219.1
Project("{FAE04EC0-301F-11D3-BF4B-00C04F79EFBC}") = "CKO.MockBank.API", "MockBank\CKO.MockBank.API\CKO.MockBank.API.csproj", "{016A0807-D874-47CE-9873-216EB5FC2354}"
EndProject
Project("{FAE04EC0-301F-11D3-BF4B-00C04F79EFBC}") = "Payment.CKOBankClient", "Payment.CKOBankClient\Payment.CKOBankClient.csproj", "{125F7A24-CE78-40E3-BD2D-03E6609EE926}"
EndProject
Project("{FAE04EC0-301F-11D3-BF4B-00C04F79EFBC}") = "Payment.DB", "Payment.DB\Payment.DB.csproj", "{5E1E82F5-C445-4811-8E47-894BA142E0DF}"
EndProject
Project("{FAE04EC0-301F-11D3-BF4B-00C04F79EFBC}") = "Payment.Logic", "Payment.Logic\Payment.Logic.csproj", "{46D40344-4FF7-4995-AF02-32CAEBBB7221}"
EndProject
Project("{FAE04EC0-301F-11D3-BF4B-00C04F79EFBC}") = "Payment.REST", "Payment.REST\Payment.REST.csproj", "{69AD8B6C-8B9F-4A80-821F-B449F7E1800E}"
EndProject
Project("{2150E333-8FDC-42A3-9474-1A3956D46DE8}") = "testing", "testing", "{2B5D8C95-09CA-4BD1-B24C-FD41DE1A30F4}"
EndProject
Project("{FAE04EC0-301F-11D3-BF4B-00C04F79EFBC}") = "Payment.CKOBankClient.Tests", "testing\Payment.CKOBankClient.Tests\Payment.CKOBankClient.Tests.csproj", "{2ECD6145-9135-4AF3-A72E-2C86912C2960}"
EndProject
Project("{FAE04EC0-301F-11D3-BF4B-00C04F79EFBC}") = "Payment.DB.Tests", "testing\Payment.DB.Tests\Payment.DB.Tests.csproj", "{E2769FD2-DF62-41F4-9C84-8CDEEACD7039}"
EndProject
Project("{FAE04EC0-301F-11D3-BF4B-00C04F79EFBC}") = "Payment.Logic.Tests", "testing\Payment.Logic.Tests\Payment.Logic.Tests.csproj", "{23CC39E3-5510-42C9-A824-232FE384F1F0}"
EndProject
Project("{FAE04EC0-301F-11D3-BF4B-00C04F79EFBC}") = "Payment.REST.Tests", "testing\Payment.REST.Tests\Payment.REST.Tests.csproj", "{F3CF72E0-2324-4A2C-92BD-EB1BBB5215DC}"
EndProject
Project("{FAE04EC0-301F-11D3-BF4B-00C04F79EFBC}") = "Payment.Utils", "Payment.Utils\Payment.Utils.csproj", "{3C3350D8-6099-48DC-B09B-6AD4FEA82F4D}"
EndProject
Project("{FAE04EC0-301F-11D3-BF4B-00C04F79EFBC}") = "Payment.Utils.Tests", "testing\Payment.Utils.Tests\Payment.Utils.Tests.csproj", "{6E7D1244-840A-454D-ACC0-E125B1C59221}"
EndProject
Global
	GlobalSection(SolutionProperties) = preSolution
		HideSolutionNode = FALSE
	EndGlobalSection
	GlobalSection(SolutionConfigurationPlatforms) = preSolution
		Debug|Any CPU = Debug|Any CPU
		Debug|x64 = Debug|x64
		Debug|x86 = Debug|x86
		Release|Any CPU = Release|Any CPU
		Release|x64 = Release|x64
		Release|x86 = Release|x86
	EndGlobalSection
	GlobalSection(ProjectConfigurationPlatforms) = postSolution
		{016A0807-D874-47CE-9873-216EB5FC2354}.Debug|Any CPU.ActiveCfg = Debug|Any CPU
		{016A0807-D874-47CE-9873-216EB5FC2354}.Debug|Any CPU.Build.0 = Debug|Any CPU
		{016A0807-D874-47CE-9873-216EB5FC2354}.Debug|x64.ActiveCfg = Debug|Any CPU
		{016A0807-D874-47CE-9873-216EB5FC2354}.Debug|x64.Build.0 = Debug|Any CPU
		{016A0807-D874-47CE-9873-216EB5FC2354}.Debug|x86.ActiveCfg = Debug|Any CPU
		{016A0807-D874-47CE-9873-216EB5FC2354}.Debug|x86.Build.0 = Debug|Any CPU
		{016A0807-D874-47CE-9873-216EB5FC2354}.Release|Any CPU.ActiveCfg = Release|Any CPU
		{016A0807-D874-47CE-9873-216EB5FC2354}.Release|Any CPU.Build.0 = Release|Any CPU
		{016A0807-D874-47CE-9873-216EB5FC2354}.Release|x64.ActiveCfg = Release|Any CPU
		{016A0807-D874-47CE-9873-216EB5FC2354}.Release|x64.Build.0 = Release|Any CPU
		{016A0807-D874-47CE-9873-216EB5FC2354}.Release|x86.ActiveCfg = Release|Any CPU
		{016A0807-D874-47CE-9873-216EB5FC2354}.Release|x86.Build.0 = Release|Any CPU
		{125F7A24-CE78-40E3-BD2D-03E6609EE926}.Debug|Any CPU.ActiveCfg = Debug|Any CPU
		{125F7A24-CE78-40E3-BD2D-03E6609EE926}.Debug|Any CPU.Build.0 = Debug|Any CPU
		{125F7A24-CE78-40E3-BD2D-03E6609EE926}.Debug|x64.ActiveCfg = Debug|Any CPU
		{125F7A24-CE78-40E3-BD2D-03E6609EE926}.Debug|x64.Build.0 = Debug|Any CPU
		{125F7A24-CE78-40E3-BD2D-03E6609EE926}.Debug|x86.ActiveCfg = Debug|Any CPU
		{125F7A24-CE78-40E3-BD2D-03E6609EE926}.Debug|x86.Build.0 = Debug|Any CPU
		{125F7A24-CE78-40E3-BD2D-03E6609EE926}.Release|Any CPU.ActiveCfg = Release|Any CPU
		{125F7A24-CE78-40E3-BD2D-03E6609EE926}.Release|Any CPU.Build.0 = Release|Any CPU
		{125F7A24-CE78-40E3-BD2D-03E6609EE926}.Release|x64.ActiveCfg = Release|Any CPU
		{125F7A24-CE78-40E3-BD2D-03E6609EE926}.Release|x64.Build.0 = Release|Any CPU
		{125F7A24-CE78-40E3-BD2D-03E6609EE926}.Release|x86.ActiveCfg = Release|Any CPU
		{125F7A24-CE78-40E3-BD2D-03E6609EE926}.Release|x86.Build.0 = Release|Any CPU
		{5E1E82F5-C445-4811-8E47-894BA142E0DF}.Debug|Any CPU.ActiveCfg = Debug|Any CPU
		{5E1E82F5-C445-4811-8E47-894BA142E0DF}.Debug|Any CPU.Build.0 = Debug|Any CPU
		{5E1E82F5-C445-4811-8E47-894BA142E0DF}.Debug|x64.ActiveCfg = Debug|Any CPU
		{5E1E82F5-C445-4811-8E47-894BA142E0DF}.Debug|x64.Build.0 = Debug|Any CPU
		{5E1E82F5-C445-4811-8E47-894BA142E0DF}.Debug|x86.ActiveCfg = Debug|Any CPU
		{5E1E82F5-C445-4811-8E47-894BA142E0DF}.Debug|x86.Build.0 = Debug|Any CPU
		{5E1E82F5-C445-4811-8E47-894BA142E0DF}.Release|Any CPU.ActiveCfg = Release|Any CPU
		{5E1E82F5-C445-4811-8E47-894BA142E0DF}.Release|Any CPU.Build.0 = Release|Any CPU
		{5E1E82F5-C445-4811-8E47-894BA142E0DF}.Release|x64.ActiveCfg = Release|Any CPU
		{5E1E82F5-C445-4811-8E47-894BA142E0DF}.Release|x64.Build.0 = Release|Any CPU
		{5E1E82F5-C445-4811-8E47-894BA142E0DF}.Release|x86.ActiveCfg = Release|Any CPU
		{5E1E82F5-C445-4811-8E47-894BA142E0DF}.Release|x86.Build.0 = Release|Any CPU
		{46D40344-4FF7-4995-AF02-32CAEBBB7221}.Debug|Any CPU.ActiveCfg = Debug|Any CPU
		{46D40344-4FF7-4995-AF02-32CAEBBB7221}.Debug|Any CPU.Build.0 = Debug|Any CPU
		{46D40344-4FF7-4995-AF02-32CAEBBB7221}.Debug|x64.ActiveCfg = Debug|Any CPU
		{46D40344-4FF7-4995-AF02-32CAEBBB7221}.Debug|x64.Build.0 = Debug|Any CPU
		{46D40344-4FF7-4995-AF02-32CAEBBB7221}.Debug|x86.ActiveCfg = Debug|Any CPU
		{46D40344-4FF7-4995-AF02-32CAEBBB7221}.Debug|x86.Build.0 = Debug|Any CPU
		{46D40344-4FF7-4995-AF02-32CAEBBB7221}.Release|Any CPU.ActiveCfg = Release|Any CPU
		{46D40344-4FF7-4995-AF02-32CAEBBB7221}.Release|Any CPU.Build.0 = Release|Any CPU
		{46D40344-4FF7-4995-AF02-32CAEBBB7221}.Release|x64.ActiveCfg = Release|Any CPU
		{46D40344-4FF7-4995-AF02-32CAEBBB7221}.Release|x64.Build.0 = Release|Any CPU
		{46D40344-4FF7-4995-AF02-32CAEBBB7221}.Release|x86.ActiveCfg = Release|Any CPU
		{46D40344-4FF7-4995-AF02-32CAEBBB7221}.Release|x86.Build.0 = Release|Any CPU
		{69AD8B6C-8B9F-4A80-821F-B449F7E1800E}.Debug|Any CPU.ActiveCfg = Debug|Any CPU
		{69AD8B6C-8B9F-4A80-821F-B449F7E1800E}.Debug|Any CPU.Build.0 = Debug|Any CPU
		{69AD8B6C-8B9F-4A80-821F-B449F7E1800E}.Debug|x64.ActiveCfg = Debug|Any CPU
		{69AD8B6C-8B9F-4A80-821F-B449F7E1800E}.Debug|x64.Build.0 = Debug|Any CPU
		{69AD8B6C-8B9F-4A80-821F-B449F7E1800E}.Debug|x86.ActiveCfg = Debug|Any CPU
		{69AD8B6C-8B9F-4A80-821F-B449F7E1800E}.Debug|x86.Build.0 = Debug|Any CPU
		{69AD8B6C-8B9F-4A80-821F-B449F7E1800E}.Release|Any CPU.ActiveCfg = Release|Any CPU
		{69AD8B6C-8B9F-4A80-821F-B449F7E1800E}.Release|Any CPU.Build.0 = Release|Any CPU
		{69AD8B6C-8B9F-4A80-821F-B449F7E1800E}.Release|x64.ActiveCfg = Release|Any CPU
		{69AD8B6C-8B9F-4A80-821F-B449F7E1800E}.Release|x64.Build.0 = Release|Any CPU
		{69AD8B6C-8B9F-4A80-821F-B449F7E1800E}.Release|x86.ActiveCfg = Release|Any CPU
		{69AD8B6C-8B9F-4A80-821F-B449F7E1800E}.Release|x86.Build.0 = Release|Any CPU
		{2ECD6145-9135-4AF3-A72E-2C86912C2960}.Debug|Any CPU.ActiveCfg = Debug|Any CPU
		{2ECD6145-9135-4AF3-A72E-2C86912C2960}.Debug|Any CPU.Build.0 = Debug|Any CPU
		{2ECD6145-9135-4AF3-A72E-2C86912C2960}.Debug|x64.ActiveCfg = Debug|Any CPU
		{2ECD6145-9135-4AF3-A72E-2C86912C2960}.Debug|x64.Build.0 = Debug|Any CPU
		{2ECD6145-9135-4AF3-A72E-2C86912C2960}.Debug|x86.ActiveCfg = Debug|Any CPU
		{2ECD6145-9135-4AF3-A72E-2C86912C2960}.Debug|x86.Build.0 = Debug|Any CPU
		{2ECD6145-9135-4AF3-A72E-2C86912C2960}.Release|Any CPU.ActiveCfg = Release|Any CPU
		{2ECD6145-9135-4AF3-A72E-2C86912C2960}.Release|Any CPU.Build.0 = Release|Any CPU
		{2ECD6145-9135-4AF3-A72E-2C86912C2960}.Release|x64.ActiveCfg = Release|Any CPU
		{2ECD6145-9135-4AF3-A72E-2C86912C2960}.Release|x64.Build.0 = Release|Any CPU
		{2ECD6145-9135-4AF3-A72E-2C86912C2960}.Release|x86.ActiveCfg = Release|Any CPU
		{2ECD6145-9135-4AF3-A72E-2C86912C2960}.Release|x86.Build.0 = Release|Any CPU
		{E2769FD2-DF62-41F4-9C84-8CDEEACD7039}.Debug|Any CPU.ActiveCfg = Debug|Any CPU
		{E2769FD2-DF62-41F4-9C84-8CDEEACD7039}.Debug|Any CPU.Build.0 = Debug|Any CPU
		{E2769FD2-DF62-41F4-9C84-8CDEEACD7039}.Debug|x64.ActiveCfg = Debug|Any CPU
		{E2769FD2-DF62-41F4-9C84-8CDEEACD7039}.Debug|x64.Build.0 = Debug|Any CPU
		{E2769FD2-DF62-41F4-9C84-8CDEEACD7039}.Debug|x86.ActiveCfg = Debug|Any CPU
		{E2769FD2-DF62-41F4-9C84-8CDEEACD7039}.Debug|x86.Build.0 = Debug|Any CPU
		{E2769FD2-DF62-41F4-9C84-8CDEEACD7039}.Release|Any CPU.ActiveCfg = Release|Any CPU
		{E2769FD2-DF62-41F4-9C84-8CDEEACD7039}.Release|Any CPU.Build.0 = Release|Any CPU
		{E2769FD2-DF62-41F4-9C84-8CDEEACD7039}.Release|x64.ActiveCfg = Release|Any CPU
		{E2769FD2-DF62-41F4-9C84-8CDEEACD7039}.Release|x64.Build.0 = Release|Any CPU
		{E2769FD2-DF62-41F4-9C84-8CDEEACD7039}.Release|x86.ActiveCfg = Release|Any CPU
		{E2769FD2-DF62-41F4-9C84-8CDEEACD7039}.Release|x86.Build.0 = Release|Any CPU
		{23CC39E3-5510-42C9-A824-232FE384F1F0}.Debug|Any CPU.ActiveCfg = Debug|Any CPU
		{23CC39E3-5510-42C9-A824-232FE384F1F0}.Debug|Any CPU.Build.0 = Debug|Any CPU
		{23CC39E3-5510-42C9-A824-232FE384F1F0}.Debug|x64.ActiveCfg = Debug|Any CPU
		{23CC39E3-5510-42C9-A824-232FE384F1F0}.Debug|x64.Build.0 = Debug|Any CPU
		{23CC39E3-5510-42C9-A824-232FE384F1F0}.Debug|x86.ActiveCfg = Debug|Any CPU
		{23CC39E3-5510-42C9-A824-232FE384F1F0}.Debug|x86.Build.0 = Debug|Any CPU
		{23CC39E3-5510-42C9-A824-232FE384F1F0}.Release|Any CPU.ActiveCfg = Release|Any CPU
		{23CC39E3-5510-42C9-A824-232FE384F1F0}.Release|Any CPU.Build.0 = Release|Any CPU
		{23CC39E3-5510-42C9-A824-232FE384F1F0}.Release|x64.ActiveCfg = Release|Any CPU
		{23CC39E3-5510-42C9-A824-232FE384F1F0}.Release|x64.Build.0 = Release|Any CPU
		{23CC39E3-5510-42C9-A824-232FE384F1F0}.Release|x86.ActiveCfg = Release|Any CPU
		{23CC39E3-5510-42C9-A824-232FE384F1F0}.Release|x86.Build.0 = Release|Any CPU
		{F3CF72E0-2324-4A2C-92BD-EB1BBB5215DC}.Debug|Any CPU.ActiveCfg = Debug|Any CPU
		{F3CF72E0-2324-4A2C-92BD-EB1BBB5215DC}.Debug|Any CPU.Build.0 = Debug|Any CPU
		{F3CF72E0-2324-4A2C-92BD-EB1BBB5215DC}.Debug|x64.ActiveCfg = Debug|Any CPU
		{F3CF72E0-2324-4A2C-92BD-EB1BBB5215DC}.Debug|x64.Build.0 = Debug|Any CPU
		{F3CF72E0-2324-4A2C-92BD-EB1BBB5215DC}.Debug|x86.ActiveCfg = Debug|Any CPU
		{F3CF72E0-2324-4A2C-92BD-EB1BBB5215DC}.Debug|x86.Build.0 = Debug|Any CPU
		{F3CF72E0-2324-4A2C-92BD-EB1BBB5215DC}.Release|Any CPU.ActiveCfg = Release|Any CPU
		{F3CF72E0-2324-4A2C-92BD-EB1BBB5215DC}.Release|Any CPU.Build.0 = Release|Any CPU
		{F3CF72E0-2324-4A2C-92BD-EB1BBB5215DC}.Release|x64.ActiveCfg = Release|Any CPU
		{F3CF72E0-2324-4A2C-92BD-EB1BBB5215DC}.Release|x64.Build.0 = Release|Any CPU
		{F3CF72E0-2324-4A2C-92BD-EB1BBB5215DC}.Release|x86.ActiveCfg = Release|Any CPU
		{F3CF72E0-2324-4A2C-92BD-EB1BBB5215DC}.Release|x86.Build.0 = Release|Any CPU
		{3C3350D8-6099-48DC-B09B-6AD4FEA82F4D}.Debug|Any CPU.ActiveCfg = Debug|Any CPU
		{3C3350D8-6099-48DC-B09B-6AD4FEA82F4D}.Debug|Any CPU.Build.0 = Debug|Any CPU
		{3C3350D8-6099-48DC-B09B-6AD4FEA82F4D}.Debug|x64.ActiveCfg = Debug|Any CPU
		{3C3350D8-6099-48DC-B09B-6AD4FEA82F4D}.Debug|x64.Build.0 = Debug|Any CPU
		{3C3350D8-6099-48DC-B09B-6AD4FEA82F4D}.Debug|x86.ActiveCfg = Debug|Any CPU
		{3C3350D8-6099-48DC-B09B-6AD4FEA82F4D}.Debug|x86.Build.0 = Debug|Any CPU
		{3C3350D8-6099-48DC-B09B-6AD4FEA82F4D}.Release|Any CPU.ActiveCfg = Release|Any CPU
		{3C3350D8-6099-48DC-B09B-6AD4FEA82F4D}.Release|Any CPU.Build.0 = Release|Any CPU
		{3C3350D8-6099-48DC-B09B-6AD4FEA82F4D}.Release|x64.ActiveCfg = Release|Any CPU
		{3C3350D8-6099-48DC-B09B-6AD4FEA82F4D}.Release|x64.Build.0 = Release|Any CPU
		{3C3350D8-6099-48DC-B09B-6AD4FEA82F4D}.Release|x86.ActiveCfg = Release|Any CPU
		{3C3350D8-6099-48DC-B09B-6AD4FEA82F4D}.Release|x86.Build.0 = Release|Any CPU
		{6E7D1244-840A-454D-ACC0-E125B1C59221}.Debug|Any CPU.ActiveCfg = Debug|Any CPU
		{6E7D1244-840A-454D-ACC0-E125B1C59221}.Debug|Any CPU.Build.0 = Debug|Any CPU
		{6E7D1244-840A-454D-ACC0-E125B1C59221}.Debug|x64.ActiveCfg = Debug|Any CPU
		{6E7D1244-840A-454D-ACC0-E125B1C59221}.Debug|x64.Build.0 = Debug|Any CPU
		{6E7D1244-840A-454D-ACC0-E125B1C59221}.Debug|x86.ActiveCfg = Debug|Any CPU
		{6E7D1244-840A-454D-ACC0-E125B1C59221}.Debug|x86.Build.0 = Debug|Any CPU
		{6E7D1244-840A-454D-ACC0-E125B1C59221}.Release|Any CPU.ActiveCfg = Release|Any CPU
		{6E7D1244-840A-454D-ACC0-E125B1C59221}.Release|Any CPU.Build.0 = Release|Any CPU
		{6E7D1244-840A-454D-ACC0-E125B1C59221}.Release|x64.ActiveCfg = Release|Any CPU
		{6E7D1244-840A-454D-ACC0-E125B1C59221}.Release|x64.Build.0 = Release|Any CPU
		{6E7D1244-840A-454D-ACC0-E125B1C59221}.Release|x86.ActiveCfg = Release|Any CPU
		{6E7D1244-840A-454D-ACC0-E125B1C59221}.Release|x86.Build.0 = Release|Any CPU
	EndGlobalSection
	GlobalSection(NestedProjects) = preSolution
		{2ECD6145-9135-4AF3-A72E-2C86912C2960} = {2B5D8C95-09CA-4BD1-B24C-FD41DE1A30F4}
		{E2769FD2-DF62-41F4-9C84-8CDEEACD7039} = {2B5D8C95-09CA-4BD1-B24C-FD41DE1A30F4}
		{23CC39E3-5510-42C9-A824-232FE384F1F0} = {2B5D8C95-09CA-4BD1-B24C-FD41DE1A30F4}
		{F3CF72E0-2324-4A2C-92BD-EB1BBB5215DC} = {2B5D8C95-09CA-4BD1-B24C-FD41DE1A30F4}
		{6E7D1244-840A-454D-ACC0-E125B1C59221} = {2B5D8C95-09CA-4BD1-B24C-FD41DE1A30F4}
	EndGlobalSection
EndGlobal
